
Microsoft Visual Studio Solution File, Format Version 12.00
# Visual Studio Version 17
VisualStudioVersion = 17.7.34024.191
MinimumVisualStudioVersion = 10.0.40219.1
Project("{8BC9CEB8-8B4A-11D0-8D11-00A0C91BC942}") = "hw(exception)", "hw(exception)\hw(exception).vcxproj", "{A7C7F77D-E5A2-46F8-BED6-5E0F58B12764}"
EndProject
Global
	GlobalSection(SolutionConfigurationPlatforms) = preSolution
		Debug|x64 = Debug|x64
		Debug|x86 = Debug|x86
		Release|x64 = Release|x64
		Release|x86 = Release|x86
	EndGlobalSection
	GlobalSection(ProjectConfigurationPlatforms) = postSolution
		{A7C7F77D-E5A2-46F8-BED6-5E0F58B12764}.Debug|x64.ActiveCfg = Debug|x64
		{A7C7F77D-E5A2-46F8-BED6-5E0F58B12764}.Debug|x64.Build.0 = Debug|x64
		{A7C7F77D-E5A2-46F8-BED6-5E0F58B12764}.Debug|x86.ActiveCfg = Debug|Win32
		{A7C7F77D-E5A2-46F8-BED6-5E0F58B12764}.Debug|x86.Build.0 = Debug|Win32
		{A7C7F77D-E5A2-46F8-BED6-5E0F58B12764}.Release|x64.ActiveCfg = Release|x64
		{A7C7F77D-E5A2-46F8-BED6-5E0F58B12764}.Release|x64.Build.0 = Release|x64
		{A7C7F77D-E5A2-46F8-BED6-5E0F58B12764}.Release|x86.ActiveCfg = Release|Win32
		{A7C7F77D-E5A2-46F8-BED6-5E0F58B12764}.Release|x86.Build.0 = Release|Win32
	EndGlobalSection
	GlobalSection(SolutionProperties) = preSolution
		HideSolutionNode = FALSE
	EndGlobalSection
	GlobalSection(ExtensibilityGlobals) = postSolution
		SolutionGuid = {B0BAF872-9AD8-4258-BCBB-DFC340CB7EED}
	EndGlobalSection
EndGlobal
